# This file was autogenerated by Stack.
# You should not edit this file by hand.
# For more information, please see the documentation at:
#   https://docs.haskellstack.org/en/stable/lock_files

packages:
- completed:
    hackage: base-noprelude-4.12.0.0@sha256:dcd5ece10257f79fa16e207d558b31ab3467b205adae5d1976abdee28b1c8b4a,6845
    pantry-tree:
      size: 158
      sha256: 1e4118716a2078385341d7df2f876b616744c3a8f945247766e60f48e32b3d1d
  original:
    hackage: base-noprelude-4.12.0.0
- completed:
    hackage: WAVE-0.1.4@sha256:ce0b98c4da47520c42453edd9db22710764e2ef0d291b4ae71153016d56e72f4,1003
    pantry-tree:
      size: 354
      sha256: 2a13755315268827069eeed14de30031984798857981dbe60a30e26d04c7b1e0
  original:
    hackage: WAVE-0.1.4@sha256:ce0b98c4da47520c42453edd9db22710764e2ef0d291b4ae71153016d56e72f4,1003
snapshots:
- completed:
    size: 585393
    url: https://raw.githubusercontent.com/commercialhaskell/stackage-snapshots/master/lts/18/0.yaml
    sha256: c632012da648385b9fa3c29f4e0afd56ead299f1c5528ee789058be410e883c0
  original: lts-18.0
